{
  "name": "ZeroStudio",
  "lockfileVersion": 2,
  "requires": true,
  "packages": {
    "": {
      "dependencies": {
        "regexp-util": "^2.0.3"
      }
    },
    "node_modules/regexp-util": {
      "version": "2.0.3",
      "resolved": "https://registry.npmjs.org/regexp-util/-/regexp-util-2.0.3.tgz",
      "integrity": "sha512-GP6h9OgJmhAZpb3dbNbXTfRWVnGcoMhWRZv/HxgM4/qCVqs1P9ukQdYxaUhjWBSAs9oJ/uPXUUvGT1VMe0Bs0Q==",
      "license": "MIT",
      "engines": {
        "node": ">=16"
      }
    }
  },
  "dependencies": {
    "regexp-util": {
      "version": "2.0.3",
      "resolved": "https://registry.npmjs.org/regexp-util/-/regexp-util-2.0.3.tgz",
      "integrity": "sha512-GP6h9OgJmhAZpb3dbNbXTfRWVnGcoMhWRZv/HxgM4/qCVqs1P9ukQdYxaUhjWBSAs9oJ/uPXUUvGT1VMe0Bs0Q=="
    }
  }
}
